
Microsoft Visual Studio Solution File, Format Version 12.00
# Visual Studio Version 17
VisualStudioVersion = 17.0.31903.59
MinimumVisualStudioVersion = 10.0.40219.1
Project("{2150E333-8FDC-42A3-9474-1A3956D46DE8}") = "Application", "Application", "{74CC434A-C605-403C-8EDA-18D1D38BCF4B}"
EndProject
Project("{F2A71F9B-5D33-465A-A702-920D77279786}") = "Media.Application.Console", "Application\Console\Media.Application.Console.fsproj", "{60613328-D62B-4A33-B868-AE28ADF7B1C3}"
EndProject
Project("{F2A71F9B-5D33-465A-A702-920D77279786}") = "Media.Application.Avalonia", "Application\Avalonia\Media.Application.Avalonia.fsproj", "{3AEC9C73-8088-4574-B338-B2948D6D3214}"
EndProject
Project("{F2A71F9B-5D33-465A-A702-920D77279786}") = "Media.Test", "Test\Media.Test.fsproj", "{46316B1B-C64B-43AD-89E5-0B5E6A9C4BC7}"
EndProject
Global
	GlobalSection(SolutionConfigurationPlatforms) = preSolution
		Debug|Any CPU = Debug|Any CPU
		Release|Any CPU = Release|Any CPU
	EndGlobalSection
	GlobalSection(SolutionProperties) = preSolution
		HideSolutionNode = FALSE
	EndGlobalSection
	GlobalSection(ProjectConfigurationPlatforms) = postSolution
		{60613328-D62B-4A33-B868-AE28ADF7B1C3}.Debug|Any CPU.ActiveCfg = Debug|Any CPU
		{60613328-D62B-4A33-B868-AE28ADF7B1C3}.Debug|Any CPU.Build.0 = Debug|Any CPU
		{60613328-D62B-4A33-B868-AE28ADF7B1C3}.Release|Any CPU.ActiveCfg = Release|Any CPU
		{60613328-D62B-4A33-B868-AE28ADF7B1C3}.Release|Any CPU.Build.0 = Release|Any CPU
		{3AEC9C73-8088-4574-B338-B2948D6D3214}.Debug|Any CPU.ActiveCfg = Debug|Any CPU
		{3AEC9C73-8088-4574-B338-B2948D6D3214}.Debug|Any CPU.Build.0 = Debug|Any CPU
		{3AEC9C73-8088-4574-B338-B2948D6D3214}.Release|Any CPU.ActiveCfg = Release|Any CPU
		{3AEC9C73-8088-4574-B338-B2948D6D3214}.Release|Any CPU.Build.0 = Release|Any CPU
		{46316B1B-C64B-43AD-89E5-0B5E6A9C4BC7}.Debug|Any CPU.ActiveCfg = Debug|Any CPU
		{46316B1B-C64B-43AD-89E5-0B5E6A9C4BC7}.Debug|Any CPU.Build.0 = Debug|Any CPU
		{46316B1B-C64B-43AD-89E5-0B5E6A9C4BC7}.Release|Any CPU.ActiveCfg = Release|Any CPU
		{46316B1B-C64B-43AD-89E5-0B5E6A9C4BC7}.Release|Any CPU.Build.0 = Release|Any CPU
	EndGlobalSection
	GlobalSection(NestedProjects) = preSolution
		{60613328-D62B-4A33-B868-AE28ADF7B1C3} = {74CC434A-C605-403C-8EDA-18D1D38BCF4B}
		{3AEC9C73-8088-4574-B338-B2948D6D3214} = {74CC434A-C605-403C-8EDA-18D1D38BCF4B}
	EndGlobalSection
EndGlobal
